
Microsoft Visual Studio Solution File, Format Version 12.00
Project("{FAE04EC0-301F-11D3-BF4B-00C04F79EFBC}") = "APBD_Kolokwium2", "APBD_Kolokwium2\APBD_Kolokwium2.csproj", "{5DD3BE7B-FFB9-4FF8-B67D-C0E653B063B8}"
EndProject
Global
	GlobalSection(SolutionConfigurationPlatforms) = preSolution
		Debug|Any CPU = Debug|Any CPU
		Release|Any CPU = Release|Any CPU
	EndGlobalSection
	GlobalSection(ProjectConfigurationPlatforms) = postSolution
		{5DD3BE7B-FFB9-4FF8-B67D-C0E653B063B8}.Debug|Any CPU.ActiveCfg = Debug|Any CPU
		{5DD3BE7B-FFB9-4FF8-B67D-C0E653B063B8}.Debug|Any CPU.Build.0 = Debug|Any CPU
		{5DD3BE7B-FFB9-4FF8-B67D-C0E653B063B8}.Release|Any CPU.ActiveCfg = Release|Any CPU
		{5DD3BE7B-FFB9-4FF8-B67D-C0E653B063B8}.Release|Any CPU.Build.0 = Release|Any CPU
	EndGlobalSection
EndGlobal
